
Microsoft Visual Studio Solution File, Format Version 11.00
# Visual Studio 2010
Project("{FAE04EC0-301F-11D3-BF4B-00C04F79EFBC}") = "Advanced_Calculator", "Advanced_Calculator\Advanced_Calculator.csproj", "{A91566B4-1DF9-47FE-A653-39F6CB69B07F}"
EndProject
Project("{FAE04EC0-301F-11D3-BF4B-00C04F79EFBC}") = "show.cs", "show\show.cs.csproj", "{8DFAE773-E221-4501-B038-6A8974B81388}"
EndProject
Project("{FAE04EC0-301F-11D3-BF4B-00C04F79EFBC}") = "keys.cs", "keys\keys.cs.csproj", "{486BF7AA-F84E-4E9C-A3A2-F378445C5491}"
EndProject
Global
	GlobalSection(SolutionConfigurationPlatforms) = preSolution
		Debug|Any CPU = Debug|Any CPU
		Debug|Mixed Platforms = Debug|Mixed Platforms
		Debug|x86 = Debug|x86
		Release|Any CPU = Release|Any CPU
		Release|Mixed Platforms = Release|Mixed Platforms
		Release|x86 = Release|x86
	EndGlobalSection
	GlobalSection(ProjectConfigurationPlatforms) = postSolution
		{A91566B4-1DF9-47FE-A653-39F6CB69B07F}.Debug|Any CPU.ActiveCfg = Debug|x86
		{A91566B4-1DF9-47FE-A653-39F6CB69B07F}.Debug|Mixed Platforms.ActiveCfg = Debug|x86
		{A91566B4-1DF9-47FE-A653-39F6CB69B07F}.Debug|Mixed Platforms.Build.0 = Debug|x86
		{A91566B4-1DF9-47FE-A653-39F6CB69B07F}.Debug|x86.ActiveCfg = Debug|x86
		{A91566B4-1DF9-47FE-A653-39F6CB69B07F}.Debug|x86.Build.0 = Debug|x86
		{A91566B4-1DF9-47FE-A653-39F6CB69B07F}.Release|Any CPU.ActiveCfg = Release|x86
		{A91566B4-1DF9-47FE-A653-39F6CB69B07F}.Release|Mixed Platforms.ActiveCfg = Release|x86
		{A91566B4-1DF9-47FE-A653-39F6CB69B07F}.Release|Mixed Platforms.Build.0 = Release|x86
		{A91566B4-1DF9-47FE-A653-39F6CB69B07F}.Release|x86.ActiveCfg = Release|x86
		{A91566B4-1DF9-47FE-A653-39F6CB69B07F}.Release|x86.Build.0 = Release|x86
		{8DFAE773-E221-4501-B038-6A8974B81388}.Debug|Any CPU.ActiveCfg = Debug|Any CPU
		{8DFAE773-E221-4501-B038-6A8974B81388}.Debug|Any CPU.Build.0 = Debug|Any CPU
		{8DFAE773-E221-4501-B038-6A8974B81388}.Debug|Mixed Platforms.ActiveCfg = Debug|Any CPU
		{8DFAE773-E221-4501-B038-6A8974B81388}.Debug|Mixed Platforms.Build.0 = Debug|Any CPU
		{8DFAE773-E221-4501-B038-6A8974B81388}.Debug|x86.ActiveCfg = Debug|Any CPU
		{8DFAE773-E221-4501-B038-6A8974B81388}.Release|Any CPU.ActiveCfg = Release|Any CPU
		{8DFAE773-E221-4501-B038-6A8974B81388}.Release|Any CPU.Build.0 = Release|Any CPU
		{8DFAE773-E221-4501-B038-6A8974B81388}.Release|Mixed Platforms.ActiveCfg = Release|Any CPU
		{8DFAE773-E221-4501-B038-6A8974B81388}.Release|Mixed Platforms.Build.0 = Release|Any CPU
		{8DFAE773-E221-4501-B038-6A8974B81388}.Release|x86.ActiveCfg = Release|Any CPU
		{486BF7AA-F84E-4E9C-A3A2-F378445C5491}.Debug|Any CPU.ActiveCfg = Debug|Any CPU
		{486BF7AA-F84E-4E9C-A3A2-F378445C5491}.Debug|Any CPU.Build.0 = Debug|Any CPU
		{486BF7AA-F84E-4E9C-A3A2-F378445C5491}.Debug|Mixed Platforms.ActiveCfg = Debug|Any CPU
		{486BF7AA-F84E-4E9C-A3A2-F378445C5491}.Debug|Mixed Platforms.Build.0 = Debug|Any CPU
		{486BF7AA-F84E-4E9C-A3A2-F378445C5491}.Debug|x86.ActiveCfg = Debug|Any CPU
		{486BF7AA-F84E-4E9C-A3A2-F378445C5491}.Release|Any CPU.ActiveCfg = Release|Any CPU
		{486BF7AA-F84E-4E9C-A3A2-F378445C5491}.Release|Any CPU.Build.0 = Release|Any CPU
		{486BF7AA-F84E-4E9C-A3A2-F378445C5491}.Release|Mixed Platforms.ActiveCfg = Release|Any CPU
		{486BF7AA-F84E-4E9C-A3A2-F378445C5491}.Release|Mixed Platforms.Build.0 = Release|Any CPU
		{486BF7AA-F84E-4E9C-A3A2-F378445C5491}.Release|x86.ActiveCfg = Release|Any CPU
	EndGlobalSection
	GlobalSection(SolutionProperties) = preSolution
		HideSolutionNode = FALSE
	EndGlobalSection
EndGlobal
